<Solution>
  <Folder Name="/BehavioralDesginPatterns/">
    <Project Path="BehavioralDesginParterns/CommandPattern/CommandPattern.csproj" Id="dfb10d9b-b2ee-4422-b99f-c065a6c9e65f" />
    <Project Path="BehavioralDesginParterns/MediatorPattern/MediatorPattern.csproj" Id="6ea71b6b-7042-4002-8959-ed87a2126f8b" />
    <Project Path="BehavioralDesginParterns/StrategyDesignPattern/StrategyDesignPattern.csproj" Id="8302fb49-c73a-45de-82b1-fbc6a9cf228c" />
  </Folder>
  <Folder Name="/CreationalDesignPatterns/">
    <Project Path="BehavioralDesginParterns/ObserverPattern/ObserverPattern.csproj" Id="7bbf6cbd-25c1-4dbd-a76e-05a788f142da" />
    <Project Path="CreationalDesignPatterns/AbstractFactory/AbstractFactory.csproj" Id="26bbf3c1-2ccb-4887-9ec1-c7aacd59834f" />
    <Project Path="CreationalDesignPatterns/BuilderPattern/BuilderPattern.csproj" Id="0ec67ae2-15e2-4dc3-81fc-48679ea596d1" />
    <Project Path="CreationalDesignPatterns/FactoryMethod/FactoryMethod.csproj" />
    <Project Path="CreationalDesignPatterns/PrototypePattern/PrototypePattern.csproj" />
    <Project Path="CreationalDesignPatterns/SingletonDesignPattern/SingletonDesignPattern.csproj" Id="6597b112-0d4b-4aef-bcd0-27adc2f3ff49" />
  </Folder>
  <Folder Name="/Solution Items/">
    <File Path="CheckList.md" />
    <File Path="Readme.md" />
  </Folder>
</Solution>
